// !$*UTF8*$!
{
	archiveVersion = 1;
	classes = {
	};
	objectVersion = 56;
	objects = {

/* Begin PBXBuildFile section */
		3508ADFA2B5BDAD3002182DC /* MultiPromotionReducer.swift in Sources */ = {isa = PBXBuildFile; fileRef = 3508ADF92B5BDAD3002182DC /* MultiPromotionReducer.swift */; };
		3508ADFC2B5BDB14002182DC /* MultiPromotionView.swift in Sources */ = {isa = PBXBuildFile; fileRef = 3508ADFB2B5BDB14002182DC /* MultiPromotionView.swift */; };
		3508ADFE2B5BDB23002182DC /* SinglePromotionView.swift in Sources */ = {isa = PBXBuildFile; fileRef = 3508ADFD2B5BDB23002182DC /* SinglePromotionView.swift */; };
		3508AE002B5BDB32002182DC /* SinglePromotionReducer.swift in Sources */ = {isa = PBXBuildFile; fileRef = 3508ADFF2B5BDB32002182DC /* SinglePromotionReducer.swift */; };
		3508AE022B5BDBB0002182DC /* MultiPromotionDetailReducer.swift in Sources */ = {isa = PBXBuildFile; fileRef = 3508AE012B5BDBB0002182DC /* MultiPromotionDetailReducer.swift */; };
		3508AE062B5BDBDD002182DC /* MultiPromotionDetailView.swift in Sources */ = {isa = PBXBuildFile; fileRef = 3508AE052B5BDBDD002182DC /* MultiPromotionDetailView.swift */; };
		3508AE082B5BDC5C002182DC /* SinglePromotionDetailView.swift in Sources */ = {isa = PBXBuildFile; fileRef = 3508AE072B5BDC5C002182DC /* SinglePromotionDetailView.swift */; };
		3508AE0A2B5BDC75002182DC /* SinglePromotionDetailReducer.swift in Sources */ = {isa = PBXBuildFile; fileRef = 3508AE092B5BDC75002182DC /* SinglePromotionDetailReducer.swift */; };
		3508AE0C2B5BEA9E002182DC /* RatingView.swift in Sources */ = {isa = PBXBuildFile; fileRef = 3508AE0B2B5BEA9E002182DC /* RatingView.swift */; };
		3508AE0E2B5BEAAC002182DC /* RatingOutlineView.swift in Sources */ = {isa = PBXBuildFile; fileRef = 3508AE0D2B5BEAAC002182DC /* RatingOutlineView.swift */; };
		3508AE102B5BF203002182DC /* FavoriteReducer.swift in Sources */ = {isa = PBXBuildFile; fileRef = 3508AE0F2B5BF203002182DC /* FavoriteReducer.swift */; };
		3508AE122B5BF211002182DC /* FavoriteButton.swift in Sources */ = {isa = PBXBuildFile; fileRef = 3508AE112B5BF211002182DC /* FavoriteButton.swift */; };
		3508AE152B5C0636002182DC /* ShareButton.swift in Sources */ = {isa = PBXBuildFile; fileRef = 3508AE142B5C0636002182DC /* ShareButton.swift */; };
		3508AE172B5C0656002182DC /* ShareReducer.swift in Sources */ = {isa = PBXBuildFile; fileRef = 3508AE162B5C0656002182DC /* ShareReducer.swift */; };
		3510558D2B3425FD00935932 /* MeView.swift in Sources */ = {isa = PBXBuildFile; fileRef = 3510558C2B3425FD00935932 /* MeView.swift */; };
		3510558F2B34264900935932 /* AllWaysView.swift in Sources */ = {isa = PBXBuildFile; fileRef = 3510558E2B34264900935932 /* AllWaysView.swift */; };
		351055912B34265900935932 /* MyWays.swift in Sources */ = {isa = PBXBuildFile; fileRef = 351055902B34265900935932 /* MyWays.swift */; };
		351055942B34408800935932 /* Database.swift in Sources */ = {isa = PBXBuildFile; fileRef = 351055932B34408800935932 /* Database.swift */; };
		351055972B34507F00935932 /* Way.swift in Sources */ = {isa = PBXBuildFile; fileRef = 351055962B34507F00935932 /* Way.swift */; };
		351055992B3450A200935932 /* Tag.swift in Sources */ = {isa = PBXBuildFile; fileRef = 351055982B3450A200935932 /* Tag.swift */; };
		3510559B2B34535200935932 /* WayContext.swift in Sources */ = {isa = PBXBuildFile; fileRef = 3510559A2B34535200935932 /* WayContext.swift */; };
		352BE42B2B62404B00A0746F /* PromotionsReducer.swift in Sources */ = {isa = PBXBuildFile; fileRef = 352BE42A2B62404B00A0746F /* PromotionsReducer.swift */; };
		352BE42D2B62405C00A0746F /* PromotionsView.swift in Sources */ = {isa = PBXBuildFile; fileRef = 352BE42C2B62405C00A0746F /* PromotionsView.swift */; };
		352BE42F2B62447700A0746F /* Promotion.swift in Sources */ = {isa = PBXBuildFile; fileRef = 352BE42E2B62447700A0746F /* Promotion.swift */; };
		352BE4312B62473800A0746F /* Today.swift in Sources */ = {isa = PBXBuildFile; fileRef = 352BE4302B62473800A0746F /* Today.swift */; };
		352BE4332B6259E000A0746F /* Promotions.swift in Sources */ = {isa = PBXBuildFile; fileRef = 352BE4322B6259E000A0746F /* Promotions.swift */; };
		354E424F2B44219E0097F5C4 /* WayService.swift in Sources */ = {isa = PBXBuildFile; fileRef = 354E424E2B44219E0097F5C4 /* WayService.swift */; };
		354E42532B44245C0097F5C4 /* HTTPResponseError.swift in Sources */ = {isa = PBXBuildFile; fileRef = 354E42522B44245C0097F5C4 /* HTTPResponseError.swift */; };
		355C773D2B42A64A006B4BE6 /* User.swift in Sources */ = {isa = PBXBuildFile; fileRef = 355C773C2B42A64A006B4BE6 /* User.swift */; };
		355C773F2B42AB7E006B4BE6 /* Client.swift in Sources */ = {isa = PBXBuildFile; fileRef = 355C773E2B42AB7E006B4BE6 /* Client.swift */; };
		355C77412B42B0B1006B4BE6 /* allWays.json in Resources */ = {isa = PBXBuildFile; fileRef = 355C77402B42B0B1006B4BE6 /* allWays.json */; };
		355C77442B42B52E006B4BE6 /* login.json in Resources */ = {isa = PBXBuildFile; fileRef = 355C77422B42B52E006B4BE6 /* login.json */; };
		355C77452B42B52E006B4BE6 /* way.json in Resources */ = {isa = PBXBuildFile; fileRef = 355C77432B42B52E006B4BE6 /* way.json */; };
		3570ED742B33001A00977D93 /* WaysApp.swift in Sources */ = {isa = PBXBuildFile; fileRef = 3570ED732B33001A00977D93 /* WaysApp.swift */; };
		3570ED762B33001A00977D93 /* ContentView.swift in Sources */ = {isa = PBXBuildFile; fileRef = 3570ED752B33001A00977D93 /* ContentView.swift */; };
		3570ED782B33001B00977D93 /* Assets.xcassets in Resources */ = {isa = PBXBuildFile; fileRef = 3570ED772B33001B00977D93 /* Assets.xcassets */; };
		3570ED7B2B33001B00977D93 /* Preview Assets.xcassets in Resources */ = {isa = PBXBuildFile; fileRef = 3570ED7A2B33001B00977D93 /* Preview Assets.xcassets */; };
		3570ED852B33001B00977D93 /* WaysTests.swift in Sources */ = {isa = PBXBuildFile; fileRef = 3570ED842B33001B00977D93 /* WaysTests.swift */; };
		3570ED8F2B33001B00977D93 /* WaysUITests.swift in Sources */ = {isa = PBXBuildFile; fileRef = 3570ED8E2B33001B00977D93 /* WaysUITests.swift */; };
		3570ED912B33001B00977D93 /* WaysUITestsLaunchTests.swift in Sources */ = {isa = PBXBuildFile; fileRef = 3570ED902B33001B00977D93 /* WaysUITestsLaunchTests.swift */; };
		3579DBC12B5699E0006D0FC3 /* Comment.swift in Sources */ = {isa = PBXBuildFile; fileRef = 3579DBC02B5699E0006D0FC3 /* Comment.swift */; };
		3579DBC52B56A7AA006D0FC3 /* DateFormater+.swift in Sources */ = {isa = PBXBuildFile; fileRef = 3579DBC42B56A7AA006D0FC3 /* DateFormater+.swift */; };
		3579DBC72B56A977006D0FC3 /* JSONDecoder+.swift in Sources */ = {isa = PBXBuildFile; fileRef = 3579DBC62B56A977006D0FC3 /* JSONDecoder+.swift */; };
		3579DBCB2B56B0AC006D0FC3 /* CommentsView.swift in Sources */ = {isa = PBXBuildFile; fileRef = 3579DBCA2B56B0AC006D0FC3 /* CommentsView.swift */; };
		3579DBCD2B56B0C0006D0FC3 /* CommentsReducer.swift in Sources */ = {isa = PBXBuildFile; fileRef = 3579DBCC2B56B0C0006D0FC3 /* CommentsReducer.swift */; };
		358F11A52B3AE0FB00EFC68A /* WayDetailReducer.swift in Sources */ = {isa = PBXBuildFile; fileRef = 358F11A42B3AE0FB00EFC68A /* WayDetailReducer.swift */; };
		358F11A72B3AE10B00EFC68A /* WayDetailView.swift in Sources */ = {isa = PBXBuildFile; fileRef = 358F11A62B3AE10B00EFC68A /* WayDetailView.swift */; };
		35CFD0582B330156001BA959 /* ComposableArchitecture in Frameworks */ = {isa = PBXBuildFile; productRef = 35CFD0572B330156001BA959 /* ComposableArchitecture */; };
		35D674F52B36D3970035C87E /* TagContext.swift in Sources */ = {isa = PBXBuildFile; fileRef = 35D674F42B36D3970035C87E /* TagContext.swift */; };
		35D674F72B36D9300035C87E /* AllWaysReducer.swift in Sources */ = {isa = PBXBuildFile; fileRef = 35D674F62B36D9300035C87E /* AllWaysReducer.swift */; };
/* End PBXBuildFile section */

/* Begin PBXContainerItemProxy section */
		3570ED812B33001B00977D93 /* PBXContainerItemProxy */ = {
			isa = PBXContainerItemProxy;
			containerPortal = 3570ED682B33001A00977D93 /* Project object */;
			proxyType = 1;
			remoteGlobalIDString = 3570ED6F2B33001A00977D93;
			remoteInfo = Ways;
		};
		3570ED8B2B33001B00977D93 /* PBXContainerItemProxy */ = {
			isa = PBXContainerItemProxy;
			containerPortal = 3570ED682B33001A00977D93 /* Project object */;
			proxyType = 1;
			remoteGlobalIDString = 3570ED6F2B33001A00977D93;
			remoteInfo = Ways;
		};
/* End PBXContainerItemProxy section */

/* Begin PBXFileReference section */
		3508ADF92B5BDAD3002182DC /* MultiPromotionReducer.swift */ = {isa = PBXFileReference; lastKnownFileType = sourcecode.swift; path = MultiPromotionReducer.swift; sourceTree = "<group>"; };
		3508ADFB2B5BDB14002182DC /* MultiPromotionView.swift */ = {isa = PBXFileReference; lastKnownFileType = sourcecode.swift; path = MultiPromotionView.swift; sourceTree = "<group>"; };
		3508ADFD2B5BDB23002182DC /* SinglePromotionView.swift */ = {isa = PBXFileReference; lastKnownFileType = sourcecode.swift; path = SinglePromotionView.swift; sourceTree = "<group>"; };
		3508ADFF2B5BDB32002182DC /* SinglePromotionReducer.swift */ = {isa = PBXFileReference; lastKnownFileType = sourcecode.swift; path = SinglePromotionReducer.swift; sourceTree = "<group>"; };
		3508AE012B5BDBB0002182DC /* MultiPromotionDetailReducer.swift */ = {isa = PBXFileReference; lastKnownFileType = sourcecode.swift; path = MultiPromotionDetailReducer.swift; sourceTree = "<group>"; };
		3508AE052B5BDBDD002182DC /* MultiPromotionDetailView.swift */ = {isa = PBXFileReference; lastKnownFileType = sourcecode.swift; path = MultiPromotionDetailView.swift; sourceTree = "<group>"; };
		3508AE072B5BDC5C002182DC /* SinglePromotionDetailView.swift */ = {isa = PBXFileReference; lastKnownFileType = sourcecode.swift; path = SinglePromotionDetailView.swift; sourceTree = "<group>"; };
		3508AE092B5BDC75002182DC /* SinglePromotionDetailReducer.swift */ = {isa = PBXFileReference; lastKnownFileType = sourcecode.swift; path = SinglePromotionDetailReducer.swift; sourceTree = "<group>"; };
		3508AE0B2B5BEA9E002182DC /* RatingView.swift */ = {isa = PBXFileReference; lastKnownFileType = sourcecode.swift; path = RatingView.swift; sourceTree = "<group>"; };
		3508AE0D2B5BEAAC002182DC /* RatingOutlineView.swift */ = {isa = PBXFileReference; lastKnownFileType = sourcecode.swift; path = RatingOutlineView.swift; sourceTree = "<group>"; };
		3508AE0F2B5BF203002182DC /* FavoriteReducer.swift */ = {isa = PBXFileReference; lastKnownFileType = sourcecode.swift; path = FavoriteReducer.swift; sourceTree = "<group>"; };
		3508AE112B5BF211002182DC /* FavoriteButton.swift */ = {isa = PBXFileReference; lastKnownFileType = sourcecode.swift; path = FavoriteButton.swift; sourceTree = "<group>"; };
		3508AE142B5C0636002182DC /* ShareButton.swift */ = {isa = PBXFileReference; lastKnownFileType = sourcecode.swift; path = ShareButton.swift; sourceTree = "<group>"; };
		3508AE162B5C0656002182DC /* ShareReducer.swift */ = {isa = PBXFileReference; lastKnownFileType = sourcecode.swift; path = ShareReducer.swift; sourceTree = "<group>"; };
		3510558C2B3425FD00935932 /* MeView.swift */ = {isa = PBXFileReference; lastKnownFileType = sourcecode.swift; path = MeView.swift; sourceTree = "<group>"; };
		3510558E2B34264900935932 /* AllWaysView.swift */ = {isa = PBXFileReference; lastKnownFileType = sourcecode.swift; path = AllWaysView.swift; sourceTree = "<group>"; };
		351055902B34265900935932 /* MyWays.swift */ = {isa = PBXFileReference; lastKnownFileType = sourcecode.swift; path = MyWays.swift; sourceTree = "<group>"; };
		351055932B34408800935932 /* Database.swift */ = {isa = PBXFileReference; lastKnownFileType = sourcecode.swift; path = Database.swift; sourceTree = "<group>"; };
		351055962B34507F00935932 /* Way.swift */ = {isa = PBXFileReference; lastKnownFileType = sourcecode.swift; path = Way.swift; sourceTree = "<group>"; };
		351055982B3450A200935932 /* Tag.swift */ = {isa = PBXFileReference; lastKnownFileType = sourcecode.swift; path = Tag.swift; sourceTree = "<group>"; };
		3510559A2B34535200935932 /* WayContext.swift */ = {isa = PBXFileReference; lastKnownFileType = sourcecode.swift; path = WayContext.swift; sourceTree = "<group>"; };
		352BE42A2B62404B00A0746F /* PromotionsReducer.swift */ = {isa = PBXFileReference; lastKnownFileType = sourcecode.swift; path = PromotionsReducer.swift; sourceTree = "<group>"; };
		352BE42C2B62405C00A0746F /* PromotionsView.swift */ = {isa = PBXFileReference; lastKnownFileType = sourcecode.swift; path = PromotionsView.swift; sourceTree = "<group>"; };
		352BE42E2B62447700A0746F /* Promotion.swift */ = {isa = PBXFileReference; lastKnownFileType = sourcecode.swift; path = Promotion.swift; sourceTree = "<group>"; };
		352BE4302B62473800A0746F /* Today.swift */ = {isa = PBXFileReference; lastKnownFileType = sourcecode.swift; path = Today.swift; sourceTree = "<group>"; };
		352BE4322B6259E000A0746F /* Promotions.swift */ = {isa = PBXFileReference; lastKnownFileType = sourcecode.swift; path = Promotions.swift; sourceTree = "<group>"; };
		354E424E2B44219E0097F5C4 /* WayService.swift */ = {isa = PBXFileReference; lastKnownFileType = sourcecode.swift; path = WayService.swift; sourceTree = "<group>"; };
		354E42522B44245C0097F5C4 /* HTTPResponseError.swift */ = {isa = PBXFileReference; lastKnownFileType = sourcecode.swift; path = HTTPResponseError.swift; sourceTree = "<group>"; };
		355C773C2B42A64A006B4BE6 /* User.swift */ = {isa = PBXFileReference; lastKnownFileType = sourcecode.swift; path = User.swift; sourceTree = "<group>"; };
		355C773E2B42AB7E006B4BE6 /* Client.swift */ = {isa = PBXFileReference; lastKnownFileType = sourcecode.swift; path = Client.swift; sourceTree = "<group>"; };
		355C77402B42B0B1006B4BE6 /* allWays.json */ = {isa = PBXFileReference; fileEncoding = 4; lastKnownFileType = text.json; path = allWays.json; sourceTree = "<group>"; };
		355C77422B42B52E006B4BE6 /* login.json */ = {isa = PBXFileReference; fileEncoding = 4; lastKnownFileType = text.json; path = login.json; sourceTree = "<group>"; };
		355C77432B42B52E006B4BE6 /* way.json */ = {isa = PBXFileReference; fileEncoding = 4; lastKnownFileType = text.json; path = way.json; sourceTree = "<group>"; };
		3570ED702B33001A00977D93 /* Ways.app */ = {isa = PBXFileReference; explicitFileType = wrapper.application; includeInIndex = 0; path = Ways.app; sourceTree = BUILT_PRODUCTS_DIR; };
		3570ED732B33001A00977D93 /* WaysApp.swift */ = {isa = PBXFileReference; lastKnownFileType = sourcecode.swift; path = WaysApp.swift; sourceTree = "<group>"; };
		3570ED752B33001A00977D93 /* ContentView.swift */ = {isa = PBXFileReference; lastKnownFileType = sourcecode.swift; path = ContentView.swift; sourceTree = "<group>"; };
		3570ED772B33001B00977D93 /* Assets.xcassets */ = {isa = PBXFileReference; lastKnownFileType = folder.assetcatalog; path = Assets.xcassets; sourceTree = "<group>"; };
		3570ED7A2B33001B00977D93 /* Preview Assets.xcassets */ = {isa = PBXFileReference; lastKnownFileType = folder.assetcatalog; path = "Preview Assets.xcassets"; sourceTree = "<group>"; };
		3570ED802B33001B00977D93 /* WaysTests.xctest */ = {isa = PBXFileReference; explicitFileType = wrapper.cfbundle; includeInIndex = 0; path = WaysTests.xctest; sourceTree = BUILT_PRODUCTS_DIR; };
		3570ED842B33001B00977D93 /* WaysTests.swift */ = {isa = PBXFileReference; lastKnownFileType = sourcecode.swift; path = WaysTests.swift; sourceTree = "<group>"; };
		3570ED8A2B33001B00977D93 /* WaysUITests.xctest */ = {isa = PBXFileReference; explicitFileType = wrapper.cfbundle; includeInIndex = 0; path = WaysUITests.xctest; sourceTree = BUILT_PRODUCTS_DIR; };
		3570ED8E2B33001B00977D93 /* WaysUITests.swift */ = {isa = PBXFileReference; lastKnownFileType = sourcecode.swift; path = WaysUITests.swift; sourceTree = "<group>"; };
		3570ED902B33001B00977D93 /* WaysUITestsLaunchTests.swift */ = {isa = PBXFileReference; lastKnownFileType = sourcecode.swift; path = WaysUITestsLaunchTests.swift; sourceTree = "<group>"; };
		3579DBC02B5699E0006D0FC3 /* Comment.swift */ = {isa = PBXFileReference; lastKnownFileType = sourcecode.swift; path = Comment.swift; sourceTree = "<group>"; };
		3579DBC42B56A7AA006D0FC3 /* DateFormater+.swift */ = {isa = PBXFileReference; lastKnownFileType = sourcecode.swift; path = "DateFormater+.swift"; sourceTree = "<group>"; };
		3579DBC62B56A977006D0FC3 /* JSONDecoder+.swift */ = {isa = PBXFileReference; lastKnownFileType = sourcecode.swift; path = "JSONDecoder+.swift"; sourceTree = "<group>"; };
		3579DBCA2B56B0AC006D0FC3 /* CommentsView.swift */ = {isa = PBXFileReference; lastKnownFileType = sourcecode.swift; path = CommentsView.swift; sourceTree = "<group>"; };
		3579DBCC2B56B0C0006D0FC3 /* CommentsReducer.swift */ = {isa = PBXFileReference; lastKnownFileType = sourcecode.swift; path = CommentsReducer.swift; sourceTree = "<group>"; };
		358F11A42B3AE0FB00EFC68A /* WayDetailReducer.swift */ = {isa = PBXFileReference; lastKnownFileType = sourcecode.swift; path = WayDetailReducer.swift; sourceTree = "<group>"; };
		358F11A62B3AE10B00EFC68A /* WayDetailView.swift */ = {isa = PBXFileReference; lastKnownFileType = sourcecode.swift; path = WayDetailView.swift; sourceTree = "<group>"; };
		35D674F42B36D3970035C87E /* TagContext.swift */ = {isa = PBXFileReference; lastKnownFileType = sourcecode.swift; path = TagContext.swift; sourceTree = "<group>"; };
		35D674F62B36D9300035C87E /* AllWaysReducer.swift */ = {isa = PBXFileReference; lastKnownFileType = sourcecode.swift; path = AllWaysReducer.swift; sourceTree = "<group>"; };
/* End PBXFileReference section */

/* Begin PBXFrameworksBuildPhase section */
		3570ED6D2B33001A00977D93 /* Frameworks */ = {
			isa = PBXFrameworksBuildPhase;
			buildActionMask = 2147483647;
			files = (
				35CFD0582B330156001BA959 /* ComposableArchitecture in Frameworks */,
			);
			runOnlyForDeploymentPostprocessing = 0;
		};
		3570ED7D2B33001B00977D93 /* Frameworks */ = {
			isa = PBXFrameworksBuildPhase;
			buildActionMask = 2147483647;
			files = (
			);
			runOnlyForDeploymentPostprocessing = 0;
		};
		3570ED872B33001B00977D93 /* Frameworks */ = {
			isa = PBXFrameworksBuildPhase;
			buildActionMask = 2147483647;
			files = (
			);
			runOnlyForDeploymentPostprocessing = 0;
		};
/* End PBXFrameworksBuildPhase section */

/* Begin PBXGroup section */
		3508ADEF2B5BD845002182DC /* Comments */ = {
			isa = PBXGroup;
			children = (
				3579DBCC2B56B0C0006D0FC3 /* CommentsReducer.swift */,
				3579DBCA2B56B0AC006D0FC3 /* CommentsView.swift */,
				3508AE0D2B5BEAAC002182DC /* RatingOutlineView.swift */,
				3508AE0B2B5BEA9E002182DC /* RatingView.swift */,
			);
			path = Comments;
			sourceTree = "<group>";
		};
		3508ADF82B5BD9FF002182DC /* Promotion */ = {
			isa = PBXGroup;
			children = (
				352BE42A2B62404B00A0746F /* PromotionsReducer.swift */,
				352BE42C2B62405C00A0746F /* PromotionsView.swift */,
				3508ADF92B5BDAD3002182DC /* MultiPromotionReducer.swift */,
				3508ADFB2B5BDB14002182DC /* MultiPromotionView.swift */,
				3508AE012B5BDBB0002182DC /* MultiPromotionDetailReducer.swift */,
				3508AE052B5BDBDD002182DC /* MultiPromotionDetailView.swift */,
				3508ADFF2B5BDB32002182DC /* SinglePromotionReducer.swift */,
				3508ADFD2B5BDB23002182DC /* SinglePromotionView.swift */,
				3508AE092B5BDC75002182DC /* SinglePromotionDetailReducer.swift */,
				3508AE072B5BDC5C002182DC /* SinglePromotionDetailView.swift */,
			);
			path = Promotion;
			sourceTree = "<group>";
		};
		3508AE132B5C0625002182DC /* Share */ = {
			isa = PBXGroup;
			children = (
				3508AE162B5C0656002182DC /* ShareReducer.swift */,
				3508AE142B5C0636002182DC /* ShareButton.swift */,
			);
			path = Share;
			sourceTree = "<group>";
		};
		351055922B34407200935932 /* Services */ = {
			isa = PBXGroup;
			children = (
				3510559A2B34535200935932 /* WayContext.swift */,
				35D674F42B36D3970035C87E /* TagContext.swift */,
				351055932B34408800935932 /* Database.swift */,
				355C773E2B42AB7E006B4BE6 /* Client.swift */,
				354E424E2B44219E0097F5C4 /* WayService.swift */,
				354E42522B44245C0097F5C4 /* HTTPResponseError.swift */,
			);
			path = Services;
			sourceTree = "<group>";
		};
		351055952B34505500935932 /* Models */ = {
			isa = PBXGroup;
			children = (
				351055962B34507F00935932 /* Way.swift */,
				3579DBC02B5699E0006D0FC3 /* Comment.swift */,
				351055982B3450A200935932 /* Tag.swift */,
				355C773C2B42A64A006B4BE6 /* User.swift */,
				352BE4302B62473800A0746F /* Today.swift */,
				352BE4322B6259E000A0746F /* Promotions.swift */,
				352BE42E2B62447700A0746F /* Promotion.swift */,
			);
			path = Models;
			sourceTree = "<group>";
		};
		355C77462B42B544006B4BE6 /* Mock */ = {
			isa = PBXGroup;
			children = (
				355C77402B42B0B1006B4BE6 /* allWays.json */,
				355C77422B42B52E006B4BE6 /* login.json */,
				355C77432B42B52E006B4BE6 /* way.json */,
			);
			path = Mock;
			sourceTree = "<group>";
		};
		3570ED672B33001A00977D93 = {
			isa = PBXGroup;
			children = (
				3570ED722B33001A00977D93 /* Ways */,
				3570ED832B33001B00977D93 /* WaysTests */,
				3570ED8D2B33001B00977D93 /* WaysUITests */,
				3570ED712B33001A00977D93 /* Products */,
			);
			sourceTree = "<group>";
		};
		3570ED712B33001A00977D93 /* Products */ = {
			isa = PBXGroup;
			children = (
				3570ED702B33001A00977D93 /* Ways.app */,
				3570ED802B33001B00977D93 /* WaysTests.xctest */,
				3570ED8A2B33001B00977D93 /* WaysUITests.xctest */,
			);
			name = Products;
			sourceTree = "<group>";
		};
		3570ED722B33001A00977D93 /* Ways */ = {
			isa = PBXGroup;
			children = (
				3570ED732B33001A00977D93 /* WaysApp.swift */,
				3570ED752B33001A00977D93 /* ContentView.swift */,
				3508ADF82B5BD9FF002182DC /* Promotion */,
				35D674F82B36D9410035C87E /* AllWays */,
				3508ADEF2B5BD845002182DC /* Comments */,
				351055902B34265900935932 /* MyWays.swift */,
				3510558C2B3425FD00935932 /* MeView.swift */,
				3508AE132B5C0625002182DC /* Share */,
				351055952B34505500935932 /* Models */,
				351055922B34407200935932 /* Services */,
				3579DBC92B56AB0E006D0FC3 /* Extensions */,
				3570ED772B33001B00977D93 /* Assets.xcassets */,
				355C77462B42B544006B4BE6 /* Mock */,
				3570ED792B33001B00977D93 /* Preview Content */,
			);
			path = Ways;
			sourceTree = "<group>";
		};
		3570ED792B33001B00977D93 /* Preview Content */ = {
			isa = PBXGroup;
			children = (
				3570ED7A2B33001B00977D93 /* Preview Assets.xcassets */,
			);
			path = "Preview Content";
			sourceTree = "<group>";
		};
		3570ED832B33001B00977D93 /* WaysTests */ = {
			isa = PBXGroup;
			children = (
				3570ED842B33001B00977D93 /* WaysTests.swift */,
			);
			path = WaysTests;
			sourceTree = "<group>";
		};
		3570ED8D2B33001B00977D93 /* WaysUITests */ = {
			isa = PBXGroup;
			children = (
				3570ED8E2B33001B00977D93 /* WaysUITests.swift */,
				3570ED902B33001B00977D93 /* WaysUITestsLaunchTests.swift */,
			);
			path = WaysUITests;
			sourceTree = "<group>";
		};
		3579DBC92B56AB0E006D0FC3 /* Extensions */ = {
			isa = PBXGroup;
			children = (
				3579DBC42B56A7AA006D0FC3 /* DateFormater+.swift */,
				3579DBC62B56A977006D0FC3 /* JSONDecoder+.swift */,
			);
			path = Extensions;
			sourceTree = "<group>";
		};
		35D674F82B36D9410035C87E /* AllWays */ = {
			isa = PBXGroup;
			children = (
				35D674F62B36D9300035C87E /* AllWaysReducer.swift */,
				3510558E2B34264900935932 /* AllWaysView.swift */,
				358F11A42B3AE0FB00EFC68A /* WayDetailReducer.swift */,
				358F11A62B3AE10B00EFC68A /* WayDetailView.swift */,
				3508AE0F2B5BF203002182DC /* FavoriteReducer.swift */,
				3508AE112B5BF211002182DC /* FavoriteButton.swift */,
			);
			path = AllWays;
			sourceTree = "<group>";
		};
/* End PBXGroup section */

/* Begin PBXNativeTarget section */
		3570ED6F2B33001A00977D93 /* Ways */ = {
			isa = PBXNativeTarget;
			buildConfigurationList = 3570ED942B33001B00977D93 /* Build configuration list for PBXNativeTarget "Ways" */;
			buildPhases = (
				3570ED6C2B33001A00977D93 /* Sources */,
				3570ED6D2B33001A00977D93 /* Frameworks */,
				3570ED6E2B33001A00977D93 /* Resources */,
			);
			buildRules = (
			);
			dependencies = (
			);
			name = Ways;
			packageProductDependencies = (
				35CFD0572B330156001BA959 /* ComposableArchitecture */,
			);
			productName = Ways;
			productReference = 3570ED702B33001A00977D93 /* Ways.app */;
			productType = "com.apple.product-type.application";
		};
		3570ED7F2B33001B00977D93 /* WaysTests */ = {
			isa = PBXNativeTarget;
			buildConfigurationList = 3570ED972B33001B00977D93 /* Build configuration list for PBXNativeTarget "WaysTests" */;
			buildPhases = (
				3570ED7C2B33001B00977D93 /* Sources */,
				3570ED7D2B33001B00977D93 /* Frameworks */,
				3570ED7E2B33001B00977D93 /* Resources */,
			);
			buildRules = (
			);
			dependencies = (
				3570ED822B33001B00977D93 /* PBXTargetDependency */,
			);
			name = WaysTests;
			productName = WaysTests;
			productReference = 3570ED802B33001B00977D93 /* WaysTests.xctest */;
			productType = "com.apple.product-type.bundle.unit-test";
		};
		3570ED892B33001B00977D93 /* WaysUITests */ = {
			isa = PBXNativeTarget;
			buildConfigurationList = 3570ED9A2B33001B00977D93 /* Build configuration list for PBXNativeTarget "WaysUITests" */;
			buildPhases = (
				3570ED862B33001B00977D93 /* Sources */,
				3570ED872B33001B00977D93 /* Frameworks */,
				3570ED882B33001B00977D93 /* Resources */,
			);
			buildRules = (
			);
			dependencies = (
				3570ED8C2B33001B00977D93 /* PBXTargetDependency */,
			);
			name = WaysUITests;
			productName = WaysUITests;
			productReference = 3570ED8A2B33001B00977D93 /* WaysUITests.xctest */;
			productType = "com.apple.product-type.bundle.ui-testing";
		};
/* End PBXNativeTarget section */

/* Begin PBXProject section */
		3570ED682B33001A00977D93 /* Project object */ = {
			isa = PBXProject;
			attributes = {
				BuildIndependentTargetsInParallel = 1;
				LastSwiftUpdateCheck = 1510;
				LastUpgradeCheck = 1510;
				TargetAttributes = {
					3570ED6F2B33001A00977D93 = {
						CreatedOnToolsVersion = 15.1;
					};
					3570ED7F2B33001B00977D93 = {
						CreatedOnToolsVersion = 15.1;
						TestTargetID = 3570ED6F2B33001A00977D93;
					};
					3570ED892B33001B00977D93 = {
						CreatedOnToolsVersion = 15.1;
						TestTargetID = 3570ED6F2B33001A00977D93;
					};
				};
			};
			buildConfigurationList = 3570ED6B2B33001A00977D93 /* Build configuration list for PBXProject "Ways" */;
			compatibilityVersion = "Xcode 14.0";
			developmentRegion = en;
			hasScannedForEncodings = 0;
			knownRegions = (
				en,
				Base,
			);
			mainGroup = 3570ED672B33001A00977D93;
			packageReferences = (
				35CFD0562B330156001BA959 /* XCRemoteSwiftPackageReference "swift-composable-architecture" */,
			);
			productRefGroup = 3570ED712B33001A00977D93 /* Products */;
			projectDirPath = "";
			projectRoot = "";
			targets = (
				3570ED6F2B33001A00977D93 /* Ways */,
				3570ED7F2B33001B00977D93 /* WaysTests */,
				3570ED892B33001B00977D93 /* WaysUITests */,
			);
		};
/* End PBXProject section */

/* Begin PBXResourcesBuildPhase section */
		3570ED6E2B33001A00977D93 /* Resources */ = {
			isa = PBXResourcesBuildPhase;
			buildActionMask = 2147483647;
			files = (
				355C77412B42B0B1006B4BE6 /* allWays.json in Resources */,
				3570ED7B2B33001B00977D93 /* Preview Assets.xcassets in Resources */,
				3570ED782B33001B00977D93 /* Assets.xcassets in Resources */,
				355C77452B42B52E006B4BE6 /* way.json in Resources */,
				355C77442B42B52E006B4BE6 /* login.json in Resources */,
			);
			runOnlyForDeploymentPostprocessing = 0;
		};
		3570ED7E2B33001B00977D93 /* Resources */ = {
			isa = PBXResourcesBuildPhase;
			buildActionMask = 2147483647;
			files = (
			);
			runOnlyForDeploymentPostprocessing = 0;
		};
		3570ED882B33001B00977D93 /* Resources */ = {
			isa = PBXResourcesBuildPhase;
			buildActionMask = 2147483647;
			files = (
			);
			runOnlyForDeploymentPostprocessing = 0;
		};
/* End PBXResourcesBuildPhase section */

/* Begin PBXSourcesBuildPhase section */
		3570ED6C2B33001A00977D93 /* Sources */ = {
			isa = PBXSourcesBuildPhase;
			buildActionMask = 2147483647;
			files = (
				3508AE022B5BDBB0002182DC /* MultiPromotionDetailReducer.swift in Sources */,
				351055992B3450A200935932 /* Tag.swift in Sources */,
				3508AE082B5BDC5C002182DC /* SinglePromotionDetailView.swift in Sources */,
				3579DBC52B56A7AA006D0FC3 /* DateFormater+.swift in Sources */,
				351055972B34507F00935932 /* Way.swift in Sources */,
				3508AE002B5BDB32002182DC /* SinglePromotionReducer.swift in Sources */,
				3510558F2B34264900935932 /* AllWaysView.swift in Sources */,
				3508AE102B5BF203002182DC /* FavoriteReducer.swift in Sources */,
				354E42532B44245C0097F5C4 /* HTTPResponseError.swift in Sources */,
				3508ADFA2B5BDAD3002182DC /* MultiPromotionReducer.swift in Sources */,
				3508AE172B5C0656002182DC /* ShareReducer.swift in Sources */,
				352BE42F2B62447700A0746F /* Promotion.swift in Sources */,
				358F11A72B3AE10B00EFC68A /* WayDetailView.swift in Sources */,
				3508AE0C2B5BEA9E002182DC /* RatingView.swift in Sources */,
				351055942B34408800935932 /* Database.swift in Sources */,
				3508AE122B5BF211002182DC /* FavoriteButton.swift in Sources */,
				3508AE152B5C0636002182DC /* ShareButton.swift in Sources */,
				3510558D2B3425FD00935932 /* MeView.swift in Sources */,
				3579DBC12B5699E0006D0FC3 /* Comment.swift in Sources */,
				352BE42D2B62405C00A0746F /* PromotionsView.swift in Sources */,
				352BE4332B6259E000A0746F /* Promotions.swift in Sources */,
				355C773D2B42A64A006B4BE6 /* User.swift in Sources */,
				3570ED762B33001A00977D93 /* ContentView.swift in Sources */,
				3508ADFC2B5BDB14002182DC /* MultiPromotionView.swift in Sources */,
				355C773F2B42AB7E006B4BE6 /* Client.swift in Sources */,
				3508AE0E2B5BEAAC002182DC /* RatingOutlineView.swift in Sources */,
				352BE42B2B62404B00A0746F /* PromotionsReducer.swift in Sources */,
				35D674F72B36D9300035C87E /* AllWaysReducer.swift in Sources */,
				3508AE0A2B5BDC75002182DC /* SinglePromotionDetailReducer.swift in Sources */,
				358F11A52B3AE0FB00EFC68A /* WayDetailReducer.swift in Sources */,
				35D674F52B36D3970035C87E /* TagContext.swift in Sources */,
				351055912B34265900935932 /* MyWays.swift in Sources */,
				352BE4312B62473800A0746F /* Today.swift in Sources */,
				3579DBCD2B56B0C0006D0FC3 /* CommentsReducer.swift in Sources */,
				3508AE062B5BDBDD002182DC /* MultiPromotionDetailView.swift in Sources */,
				3579DBC72B56A977006D0FC3 /* JSONDecoder+.swift in Sources */,
				354E424F2B44219E0097F5C4 /* WayService.swift in Sources */,
				3570ED742B33001A00977D93 /* WaysApp.swift in Sources */,
				3510559B2B34535200935932 /* WayContext.swift in Sources */,
				3579DBCB2B56B0AC006D0FC3 /* CommentsView.swift in Sources */,
				3508ADFE2B5BDB23002182DC /* SinglePromotionView.swift in Sources */,
			);
			runOnlyForDeploymentPostprocessing = 0;
		};
		3570ED7C2B33001B00977D93 /* Sources */ = {
			isa = PBXSourcesBuildPhase;
			buildActionMask = 2147483647;
			files = (
				3570ED852B33001B00977D93 /* WaysTests.swift in Sources */,
			);
			runOnlyForDeploymentPostprocessing = 0;
		};
		3570ED862B33001B00977D93 /* Sources */ = {
			isa = PBXSourcesBuildPhase;
			buildActionMask = 2147483647;
			files = (
				3570ED912B33001B00977D93 /* WaysUITestsLaunchTests.swift in Sources */,
				3570ED8F2B33001B00977D93 /* WaysUITests.swift in Sources */,
			);
			runOnlyForDeploymentPostprocessing = 0;
		};
/* End PBXSourcesBuildPhase section */

/* Begin PBXTargetDependency section */
		3570ED822B33001B00977D93 /* PBXTargetDependency */ = {
			isa = PBXTargetDependency;
			target = 3570ED6F2B33001A00977D93 /* Ways */;
			targetProxy = 3570ED812B33001B00977D93 /* PBXContainerItemProxy */;
		};
		3570ED8C2B33001B00977D93 /* PBXTargetDependency */ = {
			isa = PBXTargetDependency;
			target = 3570ED6F2B33001A00977D93 /* Ways */;
			targetProxy = 3570ED8B2B33001B00977D93 /* PBXContainerItemProxy */;
		};
/* End PBXTargetDependency section */

/* Begin XCBuildConfiguration section */
		3570ED922B33001B00977D93 /* Debug */ = {
			isa = XCBuildConfiguration;
			buildSettings = {
				ALWAYS_SEARCH_USER_PATHS = NO;
				ASSETCATALOG_COMPILER_GENERATE_SWIFT_ASSET_SYMBOL_EXTENSIONS = YES;
				CLANG_ANALYZER_NONNULL = YES;
				CLANG_ANALYZER_NUMBER_OBJECT_CONVERSION = YES_AGGRESSIVE;
				CLANG_CXX_LANGUAGE_STANDARD = "gnu++20";
				CLANG_ENABLE_MODULES = YES;
				CLANG_ENABLE_OBJC_ARC = YES;
				CLANG_ENABLE_OBJC_WEAK = YES;
				CLANG_WARN_BLOCK_CAPTURE_AUTORELEASING = YES;
				CLANG_WARN_BOOL_CONVERSION = YES;
				CLANG_WARN_COMMA = YES;
				CLANG_WARN_CONSTANT_CONVERSION = YES;
				CLANG_WARN_DEPRECATED_OBJC_IMPLEMENTATIONS = YES;
				CLANG_WARN_DIRECT_OBJC_ISA_USAGE = YES_ERROR;
				CLANG_WARN_DOCUMENTATION_COMMENTS = YES;
				CLANG_WARN_EMPTY_BODY = YES;
				CLANG_WARN_ENUM_CONVERSION = YES;
				CLANG_WARN_INFINITE_RECURSION = YES;
				CLANG_WARN_INT_CONVERSION = YES;
				CLANG_WARN_NON_LITERAL_NULL_CONVERSION = YES;
				CLANG_WARN_OBJC_IMPLICIT_RETAIN_SELF = YES;
				CLANG_WARN_OBJC_LITERAL_CONVERSION = YES;
				CLANG_WARN_OBJC_ROOT_CLASS = YES_ERROR;
				CLANG_WARN_QUOTED_INCLUDE_IN_FRAMEWORK_HEADER = YES;
				CLANG_WARN_RANGE_LOOP_ANALYSIS = YES;
				CLANG_WARN_STRICT_PROTOTYPES = YES;
				CLANG_WARN_SUSPICIOUS_MOVE = YES;
				CLANG_WARN_UNGUARDED_AVAILABILITY = YES_AGGRESSIVE;
				CLANG_WARN_UNREACHABLE_CODE = YES;
				CLANG_WARN__DUPLICATE_METHOD_MATCH = YES;
				COPY_PHASE_STRIP = NO;
				DEBUG_INFORMATION_FORMAT = dwarf;
				ENABLE_STRICT_OBJC_MSGSEND = YES;
				ENABLE_TESTABILITY = YES;
				ENABLE_USER_SCRIPT_SANDBOXING = YES;
				GCC_C_LANGUAGE_STANDARD = gnu17;
				GCC_DYNAMIC_NO_PIC = NO;
				GCC_NO_COMMON_BLOCKS = YES;
				GCC_OPTIMIZATION_LEVEL = 0;
				GCC_PREPROCESSOR_DEFINITIONS = (
					"DEBUG=1",
					"$(inherited)",
				);
				GCC_WARN_64_TO_32_BIT_CONVERSION = YES;
				GCC_WARN_ABOUT_RETURN_TYPE = YES_ERROR;
				GCC_WARN_UNDECLARED_SELECTOR = YES;
				GCC_WARN_UNINITIALIZED_AUTOS = YES_AGGRESSIVE;
				GCC_WARN_UNUSED_FUNCTION = YES;
				GCC_WARN_UNUSED_VARIABLE = YES;
				IPHONEOS_DEPLOYMENT_TARGET = 17.2;
				LOCALIZATION_PREFERS_STRING_CATALOGS = YES;
				MTL_ENABLE_DEBUG_INFO = INCLUDE_SOURCE;
				MTL_FAST_MATH = YES;
				ONLY_ACTIVE_ARCH = YES;
				SDKROOT = iphoneos;
				SWIFT_ACTIVE_COMPILATION_CONDITIONS = "DEBUG $(inherited)";
				SWIFT_OPTIMIZATION_LEVEL = "-Onone";
			};
			name = Debug;
		};
		3570ED932B33001B00977D93 /* Release */ = {
			isa = XCBuildConfiguration;
			buildSettings = {
				ALWAYS_SEARCH_USER_PATHS = NO;
				ASSETCATALOG_COMPILER_GENERATE_SWIFT_ASSET_SYMBOL_EXTENSIONS = YES;
				CLANG_ANALYZER_NONNULL = YES;
				CLANG_ANALYZER_NUMBER_OBJECT_CONVERSION = YES_AGGRESSIVE;
				CLANG_CXX_LANGUAGE_STANDARD = "gnu++20";
				CLANG_ENABLE_MODULES = YES;
				CLANG_ENABLE_OBJC_ARC = YES;
				CLANG_ENABLE_OBJC_WEAK = YES;
				CLANG_WARN_BLOCK_CAPTURE_AUTORELEASING = YES;
				CLANG_WARN_BOOL_CONVERSION = YES;
				CLANG_WARN_COMMA = YES;
				CLANG_WARN_CONSTANT_CONVERSION = YES;
				CLANG_WARN_DEPRECATED_OBJC_IMPLEMENTATIONS = YES;
				CLANG_WARN_DIRECT_OBJC_ISA_USAGE = YES_ERROR;
				CLANG_WARN_DOCUMENTATION_COMMENTS = YES;
				CLANG_WARN_EMPTY_BODY = YES;
				CLANG_WARN_ENUM_CONVERSION = YES;
				CLANG_WARN_INFINITE_RECURSION = YES;
				CLANG_WARN_INT_CONVERSION = YES;
				CLANG_WARN_NON_LITERAL_NULL_CONVERSION = YES;
				CLANG_WARN_OBJC_IMPLICIT_RETAIN_SELF = YES;
				CLANG_WARN_OBJC_LITERAL_CONVERSION = YES;
				CLANG_WARN_OBJC_ROOT_CLASS = YES_ERROR;
				CLANG_WARN_QUOTED_INCLUDE_IN_FRAMEWORK_HEADER = YES;
				CLANG_WARN_RANGE_LOOP_ANALYSIS = YES;
				CLANG_WARN_STRICT_PROTOTYPES = YES;
				CLANG_WARN_SUSPICIOUS_MOVE = YES;
				CLANG_WARN_UNGUARDED_AVAILABILITY = YES_AGGRESSIVE;
				CLANG_WARN_UNREACHABLE_CODE = YES;
				CLANG_WARN__DUPLICATE_METHOD_MATCH = YES;
				COPY_PHASE_STRIP = NO;
				DEBUG_INFORMATION_FORMAT = "dwarf-with-dsym";
				ENABLE_NS_ASSERTIONS = NO;
				ENABLE_STRICT_OBJC_MSGSEND = YES;
				ENABLE_USER_SCRIPT_SANDBOXING = YES;
				GCC_C_LANGUAGE_STANDARD = gnu17;
				GCC_NO_COMMON_BLOCKS = YES;
				GCC_WARN_64_TO_32_BIT_CONVERSION = YES;
				GCC_WARN_ABOUT_RETURN_TYPE = YES_ERROR;
				GCC_WARN_UNDECLARED_SELECTOR = YES;
				GCC_WARN_UNINITIALIZED_AUTOS = YES_AGGRESSIVE;
				GCC_WARN_UNUSED_FUNCTION = YES;
				GCC_WARN_UNUSED_VARIABLE = YES;
				IPHONEOS_DEPLOYMENT_TARGET = 17.2;
				LOCALIZATION_PREFERS_STRING_CATALOGS = YES;
				MTL_ENABLE_DEBUG_INFO = NO;
				MTL_FAST_MATH = YES;
				SDKROOT = iphoneos;
				SWIFT_COMPILATION_MODE = wholemodule;
				VALIDATE_PRODUCT = YES;
			};
			name = Release;
		};
		3570ED952B33001B00977D93 /* Debug */ = {
			isa = XCBuildConfiguration;
			buildSettings = {
				ASSETCATALOG_COMPILER_APPICON_NAME = AppIcon;
				ASSETCATALOG_COMPILER_GLOBAL_ACCENT_COLOR_NAME = AccentColor;
				CODE_SIGN_STYLE = Automatic;
				CURRENT_PROJECT_VERSION = 1;
				DEVELOPMENT_ASSET_PATHS = "\"Ways/Preview Content\"";
				DEVELOPMENT_TEAM = P89ASLHB2S;
				ENABLE_PREVIEWS = YES;
				GENERATE_INFOPLIST_FILE = YES;
				INFOPLIST_KEY_UIApplicationSceneManifest_Generation = YES;
				INFOPLIST_KEY_UIApplicationSupportsIndirectInputEvents = YES;
				INFOPLIST_KEY_UILaunchScreen_Generation = YES;
				INFOPLIST_KEY_UISupportedInterfaceOrientations_iPad = "UIInterfaceOrientationPortrait UIInterfaceOrientationPortraitUpsideDown UIInterfaceOrientationLandscapeLeft UIInterfaceOrientationLandscapeRight";
				INFOPLIST_KEY_UISupportedInterfaceOrientations_iPhone = "UIInterfaceOrientationPortrait UIInterfaceOrientationLandscapeLeft UIInterfaceOrientationLandscapeRight";
				LD_RUNPATH_SEARCH_PATHS = (
					"$(inherited)",
					"@executable_path/Frameworks",
				);
				MARKETING_VERSION = 1.0;
				PRODUCT_BUNDLE_IDENTIFIER = leonmatg.Ways;
				PRODUCT_NAME = "$(TARGET_NAME)";
				SWIFT_EMIT_LOC_STRINGS = YES;
				SWIFT_VERSION = 5.0;
				TARGETED_DEVICE_FAMILY = "1,2";
			};
			name = Debug;
		};
		3570ED962B33001B00977D93 /* Release */ = {
			isa = XCBuildConfiguration;
			buildSettings = {
				ASSETCATALOG_COMPILER_APPICON_NAME = AppIcon;
				ASSETCATALOG_COMPILER_GLOBAL_ACCENT_COLOR_NAME = AccentColor;
				CODE_SIGN_STYLE = Automatic;
				CURRENT_PROJECT_VERSION = 1;
				DEVELOPMENT_ASSET_PATHS = "\"Ways/Preview Content\"";
				DEVELOPMENT_TEAM = P89ASLHB2S;
				ENABLE_PREVIEWS = YES;
				GENERATE_INFOPLIST_FILE = YES;
				INFOPLIST_KEY_UIApplicationSceneManifest_Generation = YES;
				INFOPLIST_KEY_UIApplicationSupportsIndirectInputEvents = YES;
				INFOPLIST_KEY_UILaunchScreen_Generation = YES;
				INFOPLIST_KEY_UISupportedInterfaceOrientations_iPad = "UIInterfaceOrientationPortrait UIInterfaceOrientationPortraitUpsideDown UIInterfaceOrientationLandscapeLeft UIInterfaceOrientationLandscapeRight";
				INFOPLIST_KEY_UISupportedInterfaceOrientations_iPhone = "UIInterfaceOrientationPortrait UIInterfaceOrientationLandscapeLeft UIInterfaceOrientationLandscapeRight";
				LD_RUNPATH_SEARCH_PATHS = (
					"$(inherited)",
					"@executable_path/Frameworks",
				);
				MARKETING_VERSION = 1.0;
				PRODUCT_BUNDLE_IDENTIFIER = leonmatg.Ways;
				PRODUCT_NAME = "$(TARGET_NAME)";
				SWIFT_EMIT_LOC_STRINGS = YES;
				SWIFT_VERSION = 5.0;
				TARGETED_DEVICE_FAMILY = "1,2";
			};
			name = Release;
		};
		3570ED982B33001B00977D93 /* Debug */ = {
			isa = XCBuildConfiguration;
			buildSettings = {
				ALWAYS_EMBED_SWIFT_STANDARD_LIBRARIES = YES;
				BUNDLE_LOADER = "$(TEST_HOST)";
				CODE_SIGN_STYLE = Automatic;
				CURRENT_PROJECT_VERSION = 1;
				DEVELOPMENT_TEAM = P89ASLHB2S;
				GENERATE_INFOPLIST_FILE = YES;
				IPHONEOS_DEPLOYMENT_TARGET = 17.2;
				MARKETING_VERSION = 1.0;
				PRODUCT_BUNDLE_IDENTIFIER = leonmatg.WaysTests;
				PRODUCT_NAME = "$(TARGET_NAME)";
				SWIFT_EMIT_LOC_STRINGS = NO;
				SWIFT_VERSION = 5.0;
				TARGETED_DEVICE_FAMILY = "1,2";
				TEST_HOST = "$(BUILT_PRODUCTS_DIR)/Ways.app/$(BUNDLE_EXECUTABLE_FOLDER_PATH)/Ways";
			};
			name = Debug;
		};
		3570ED992B33001B00977D93 /* Release */ = {
			isa = XCBuildConfiguration;
			buildSettings = {
				ALWAYS_EMBED_SWIFT_STANDARD_LIBRARIES = YES;
				BUNDLE_LOADER = "$(TEST_HOST)";
				CODE_SIGN_STYLE = Automatic;
				CURRENT_PROJECT_VERSION = 1;
				DEVELOPMENT_TEAM = P89ASLHB2S;
				GENERATE_INFOPLIST_FILE = YES;
				IPHONEOS_DEPLOYMENT_TARGET = 17.2;
				MARKETING_VERSION = 1.0;
				PRODUCT_BUNDLE_IDENTIFIER = leonmatg.WaysTests;
				PRODUCT_NAME = "$(TARGET_NAME)";
				SWIFT_EMIT_LOC_STRINGS = NO;
				SWIFT_VERSION = 5.0;
				TARGETED_DEVICE_FAMILY = "1,2";
				TEST_HOST = "$(BUILT_PRODUCTS_DIR)/Ways.app/$(BUNDLE_EXECUTABLE_FOLDER_PATH)/Ways";
			};
			name = Release;
		};
		3570ED9B2B33001B00977D93 /* Debug */ = {
			isa = XCBuildConfiguration;
			buildSettings = {
				ALWAYS_EMBED_SWIFT_STANDARD_LIBRARIES = YES;
				CODE_SIGN_STYLE = Automatic;
				CURRENT_PROJECT_VERSION = 1;
				DEVELOPMENT_TEAM = P89ASLHB2S;
				GENERATE_INFOPLIST_FILE = YES;
				MARKETING_VERSION = 1.0;
				PRODUCT_BUNDLE_IDENTIFIER = leonmatg.WaysUITests;
				PRODUCT_NAME = "$(TARGET_NAME)";
				SWIFT_EMIT_LOC_STRINGS = NO;
				SWIFT_VERSION = 5.0;
				TARGETED_DEVICE_FAMILY = "1,2";
				TEST_TARGET_NAME = Ways;
			};
			name = Debug;
		};
		3570ED9C2B33001B00977D93 /* Release */ = {
			isa = XCBuildConfiguration;
			buildSettings = {
				ALWAYS_EMBED_SWIFT_STANDARD_LIBRARIES = YES;
				CODE_SIGN_STYLE = Automatic;
				CURRENT_PROJECT_VERSION = 1;
				DEVELOPMENT_TEAM = P89ASLHB2S;
				GENERATE_INFOPLIST_FILE = YES;
				MARKETING_VERSION = 1.0;
				PRODUCT_BUNDLE_IDENTIFIER = leonmatg.WaysUITests;
				PRODUCT_NAME = "$(TARGET_NAME)";
				SWIFT_EMIT_LOC_STRINGS = NO;
				SWIFT_VERSION = 5.0;
				TARGETED_DEVICE_FAMILY = "1,2";
				TEST_TARGET_NAME = Ways;
			};
			name = Release;
		};
/* End XCBuildConfiguration section */

/* Begin XCConfigurationList section */
		3570ED6B2B33001A00977D93 /* Build configuration list for PBXProject "Ways" */ = {
			isa = XCConfigurationList;
			buildConfigurations = (
				3570ED922B33001B00977D93 /* Debug */,
				3570ED932B33001B00977D93 /* Release */,
			);
			defaultConfigurationIsVisible = 0;
			defaultConfigurationName = Release;
		};
		3570ED942B33001B00977D93 /* Build configuration list for PBXNativeTarget "Ways" */ = {
			isa = XCConfigurationList;
			buildConfigurations = (
				3570ED952B33001B00977D93 /* Debug */,
				3570ED962B33001B00977D93 /* Release */,
			);
			defaultConfigurationIsVisible = 0;
			defaultConfigurationName = Release;
		};
		3570ED972B33001B00977D93 /* Build configuration list for PBXNativeTarget "WaysTests" */ = {
			isa = XCConfigurationList;
			buildConfigurations = (
				3570ED982B33001B00977D93 /* Debug */,
				3570ED992B33001B00977D93 /* Release */,
			);
			defaultConfigurationIsVisible = 0;
			defaultConfigurationName = Release;
		};
		3570ED9A2B33001B00977D93 /* Build configuration list for PBXNativeTarget "WaysUITests" */ = {
			isa = XCConfigurationList;
			buildConfigurations = (
				3570ED9B2B33001B00977D93 /* Debug */,
				3570ED9C2B33001B00977D93 /* Release */,
			);
			defaultConfigurationIsVisible = 0;
			defaultConfigurationName = Release;
		};
/* End XCConfigurationList section */

/* Begin XCRemoteSwiftPackageReference section */
		35CFD0562B330156001BA959 /* XCRemoteSwiftPackageReference "swift-composable-architecture" */ = {
			isa = XCRemoteSwiftPackageReference;
			repositoryURL = "https://github.com/pointfreeco/swift-composable-architecture";
			requirement = {
				kind = upToNextMinorVersion;
				minimumVersion = 1.5.5;
			};
		};
/* End XCRemoteSwiftPackageReference section */

/* Begin XCSwiftPackageProductDependency section */
		35CFD0572B330156001BA959 /* ComposableArchitecture */ = {
			isa = XCSwiftPackageProductDependency;
			package = 35CFD0562B330156001BA959 /* XCRemoteSwiftPackageReference "swift-composable-architecture" */;
			productName = ComposableArchitecture;
		};
/* End XCSwiftPackageProductDependency section */
	};
	rootObject = 3570ED682B33001A00977D93 /* Project object */;
}
